
Microsoft Visual Studio Solution File, Format Version 12.00
# Visual Studio Version 17
VisualStudioVersion = 17.3.32825.248
MinimumVisualStudioVersion = 10.0.40219.1
Project("{FAE04EC0-301F-11D3-BF4B-00C04F79EFBC}") = "GBTest", "GBTest\GBTest.csproj", "{CF7836BA-F430-41DB-A6F0-D81B0B97CC9F}"
EndProject
Global
	GlobalSection(SolutionConfigurationPlatforms) = preSolution
		Debug|Any CPU = Debug|Any CPU
		Release|Any CPU = Release|Any CPU
	EndGlobalSection
	GlobalSection(ProjectConfigurationPlatforms) = postSolution
		{CF7836BA-F430-41DB-A6F0-D81B0B97CC9F}.Debug|Any CPU.ActiveCfg = Debug|Any CPU
		{CF7836BA-F430-41DB-A6F0-D81B0B97CC9F}.Debug|Any CPU.Build.0 = Debug|Any CPU
		{CF7836BA-F430-41DB-A6F0-D81B0B97CC9F}.Release|Any CPU.ActiveCfg = Release|Any CPU
		{CF7836BA-F430-41DB-A6F0-D81B0B97CC9F}.Release|Any CPU.Build.0 = Release|Any CPU
	EndGlobalSection
	GlobalSection(SolutionProperties) = preSolution
		HideSolutionNode = FALSE
	EndGlobalSection
	GlobalSection(ExtensibilityGlobals) = postSolution
		SolutionGuid = {C940688C-7675-4D06-8A1C-FB7F7F8C373B}
	EndGlobalSection
EndGlobal
